
Microsoft Visual Studio Solution File, Format Version 12.00
# Visual Studio Version 17
VisualStudioVersion = 17.5.33424.131
MinimumVisualStudioVersion = 10.0.40219.1
Project("{9A19103F-16F7-4668-BE54-9A1E7A4F7556}") = "LogNKey", "LogNKey\LogNKey.csproj", "{CA007ABD-F1C4-4733-8165-2773DED02D97}"
EndProject
Project("{FAE04EC0-301F-11D3-BF4B-00C04F79EFBC}") = "LogNKeyCLI", "LogNKeyCLI\LogNKeyCLI.csproj", "{7440E8A5-24D6-42C2-B969-7A21EF684AFA}"
EndProject
Global
	GlobalSection(SolutionConfigurationPlatforms) = preSolution
		Debug|Any CPU = Debug|Any CPU
		Release|Any CPU = Release|Any CPU
	EndGlobalSection
	GlobalSection(ProjectConfigurationPlatforms) = postSolution
		{CA007ABD-F1C4-4733-8165-2773DED02D97}.Debug|Any CPU.ActiveCfg = Debug|Any CPU
		{CA007ABD-F1C4-4733-8165-2773DED02D97}.Debug|Any CPU.Build.0 = Debug|Any CPU
		{CA007ABD-F1C4-4733-8165-2773DED02D97}.Release|Any CPU.ActiveCfg = Release|Any CPU
		{CA007ABD-F1C4-4733-8165-2773DED02D97}.Release|Any CPU.Build.0 = Release|Any CPU
		{7440E8A5-24D6-42C2-B969-7A21EF684AFA}.Debug|Any CPU.ActiveCfg = Debug|Any CPU
		{7440E8A5-24D6-42C2-B969-7A21EF684AFA}.Debug|Any CPU.Build.0 = Debug|Any CPU
		{7440E8A5-24D6-42C2-B969-7A21EF684AFA}.Release|Any CPU.ActiveCfg = Release|Any CPU
		{7440E8A5-24D6-42C2-B969-7A21EF684AFA}.Release|Any CPU.Build.0 = Release|Any CPU
	EndGlobalSection
	GlobalSection(SolutionProperties) = preSolution
		HideSolutionNode = FALSE
	EndGlobalSection
	GlobalSection(ExtensibilityGlobals) = postSolution
		SolutionGuid = {1F3CF777-F491-4126-92E2-B7FE8DF6E11C}
	EndGlobalSection
EndGlobal
